// !$*UTF8*$!
{
	archiveVersion = 1;
	classes = {
	};
	objectVersion = 50;
	objects = {

/* Begin PBXBuildFile section */
		D89AC26321B9F91B00C4C844 /* AppDelegate.swift in Sources */ = {isa = PBXBuildFile; fileRef = D89AC26221B9F91B00C4C844 /* AppDelegate.swift */; };
		D89AC26521B9F91B00C4C844 /* FeedVC.swift in Sources */ = {isa = PBXBuildFile; fileRef = D89AC26421B9F91B00C4C844 /* FeedVC.swift */; };
		D89AC26721B9F91B00C4C844 /* GroupsVC.swift in Sources */ = {isa = PBXBuildFile; fileRef = D89AC26621B9F91B00C4C844 /* GroupsVC.swift */; };
		D89AC26A21B9F91B00C4C844 /* Main.storyboard in Resources */ = {isa = PBXBuildFile; fileRef = D89AC26821B9F91B00C4C844 /* Main.storyboard */; };
		D89AC26C21B9F91D00C4C844 /* Assets.xcassets in Resources */ = {isa = PBXBuildFile; fileRef = D89AC26B21B9F91D00C4C844 /* Assets.xcassets */; };
		D89AC26F21B9F91D00C4C844 /* LaunchScreen.storyboard in Resources */ = {isa = PBXBuildFile; fileRef = D89AC26D21B9F91D00C4C844 /* LaunchScreen.storyboard */; };
		D89AC27C21B9FE5900C4C844 /* GoogleService-Info.plist in Resources */ = {isa = PBXBuildFile; fileRef = D89AC27B21B9FE5900C4C844 /* GoogleService-Info.plist */; };
		D89AC27E21BB3CE300C4C844 /* DataService.swift in Sources */ = {isa = PBXBuildFile; fileRef = D89AC27D21BB3CE300C4C844 /* DataService.swift */; };
		D89AC28021BC2E6600C4C844 /* AuthVC.swift in Sources */ = {isa = PBXBuildFile; fileRef = D89AC27F21BC2E6600C4C844 /* AuthVC.swift */; };
		D89AC28221BC2E9F00C4C844 /* LoginVC.swift in Sources */ = {isa = PBXBuildFile; fileRef = D89AC28121BC2E9F00C4C844 /* LoginVC.swift */; };
		D89AC28421BC2F3700C4C844 /* InsetTextField.swift in Sources */ = {isa = PBXBuildFile; fileRef = D89AC28321BC2F3700C4C844 /* InsetTextField.swift */; };
		D89AC28621BC372200C4C844 /* ShadowView.swift in Sources */ = {isa = PBXBuildFile; fileRef = D89AC28521BC372200C4C844 /* ShadowView.swift */; };
		D89AC28821BC3DBC00C4C844 /* AuthService.swift in Sources */ = {isa = PBXBuildFile; fileRef = D89AC28721BC3DBC00C4C844 /* AuthService.swift */; };
		D89AC28A21BDE1AB00C4C844 /* MeVC.swift in Sources */ = {isa = PBXBuildFile; fileRef = D89AC28921BDE1AB00C4C844 /* MeVC.swift */; };
		D89AC28C21BDE8C300C4C844 /* CreatePostVC.swift in Sources */ = {isa = PBXBuildFile; fileRef = D89AC28B21BDE8C300C4C844 /* CreatePostVC.swift */; };
		D89AC28E21BF34F700C4C844 /* Message.swift in Sources */ = {isa = PBXBuildFile; fileRef = D89AC28D21BF34F700C4C844 /* Message.swift */; };
		D89AC29021BF417000C4C844 /* UIViewExt.swift in Sources */ = {isa = PBXBuildFile; fileRef = D89AC28F21BF417000C4C844 /* UIViewExt.swift */; };
		D89D79C321C078A500B28827 /* FeedCell.swift in Sources */ = {isa = PBXBuildFile; fileRef = D89D79C221C078A500B28827 /* FeedCell.swift */; };
		D89D79C521C1E4DC00B28827 /* CreateGroupsVC.swift in Sources */ = {isa = PBXBuildFile; fileRef = D89D79C421C1E4DC00B28827 /* CreateGroupsVC.swift */; };
		D89D79C721C3282700B28827 /* UserCell.swift in Sources */ = {isa = PBXBuildFile; fileRef = D89D79C621C3282700B28827 /* UserCell.swift */; };
		D89D79C921C474F600B28827 /* GroupCell.swift in Sources */ = {isa = PBXBuildFile; fileRef = D89D79C821C474F600B28827 /* GroupCell.swift */; };
		E73A2EC8F73C0C84AD484296 /* Pods_Breakpoint.framework in Frameworks */ = {isa = PBXBuildFile; fileRef = 308E8B476903EE95D469B6D1 /* Pods_Breakpoint.framework */; };
/* End PBXBuildFile section */

/* Begin PBXFileReference section */
		308E8B476903EE95D469B6D1 /* Pods_Breakpoint.framework */ = {isa = PBXFileReference; explicitFileType = wrapper.framework; includeInIndex = 0; path = Pods_Breakpoint.framework; sourceTree = BUILT_PRODUCTS_DIR; };
		CBE2B6130AE298B450DECA1A /* Pods-Breakpoint.debug.xcconfig */ = {isa = PBXFileReference; includeInIndex = 1; lastKnownFileType = text.xcconfig; name = "Pods-Breakpoint.debug.xcconfig"; path = "Pods/Target Support Files/Pods-Breakpoint/Pods-Breakpoint.debug.xcconfig"; sourceTree = "<group>"; };
		D89AC25F21B9F91B00C4C844 /* Breakpoint.app */ = {isa = PBXFileReference; explicitFileType = wrapper.application; includeInIndex = 0; path = Breakpoint.app; sourceTree = BUILT_PRODUCTS_DIR; };
		D89AC26221B9F91B00C4C844 /* AppDelegate.swift */ = {isa = PBXFileReference; lastKnownFileType = sourcecode.swift; path = AppDelegate.swift; sourceTree = "<group>"; };
		D89AC26421B9F91B00C4C844 /* FeedVC.swift */ = {isa = PBXFileReference; lastKnownFileType = sourcecode.swift; path = FeedVC.swift; sourceTree = "<group>"; };
		D89AC26621B9F91B00C4C844 /* GroupsVC.swift */ = {isa = PBXFileReference; lastKnownFileType = sourcecode.swift; path = GroupsVC.swift; sourceTree = "<group>"; };
		D89AC26921B9F91B00C4C844 /* Base */ = {isa = PBXFileReference; lastKnownFileType = file.storyboard; name = Base; path = Base.lproj/Main.storyboard; sourceTree = "<group>"; };
		D89AC26B21B9F91D00C4C844 /* Assets.xcassets */ = {isa = PBXFileReference; lastKnownFileType = folder.assetcatalog; path = Assets.xcassets; sourceTree = "<group>"; };
		D89AC26E21B9F91D00C4C844 /* Base */ = {isa = PBXFileReference; lastKnownFileType = file.storyboard; name = Base; path = Base.lproj/LaunchScreen.storyboard; sourceTree = "<group>"; };
		D89AC27021B9F91D00C4C844 /* Info.plist */ = {isa = PBXFileReference; lastKnownFileType = text.plist.xml; path = Info.plist; sourceTree = "<group>"; };
		D89AC27B21B9FE5900C4C844 /* GoogleService-Info.plist */ = {isa = PBXFileReference; fileEncoding = 4; lastKnownFileType = text.plist.xml; path = "GoogleService-Info.plist"; sourceTree = "<group>"; };
		D89AC27D21BB3CE300C4C844 /* DataService.swift */ = {isa = PBXFileReference; lastKnownFileType = sourcecode.swift; path = DataService.swift; sourceTree = "<group>"; };
		D89AC27F21BC2E6600C4C844 /* AuthVC.swift */ = {isa = PBXFileReference; lastKnownFileType = sourcecode.swift; path = AuthVC.swift; sourceTree = "<group>"; };
		D89AC28121BC2E9F00C4C844 /* LoginVC.swift */ = {isa = PBXFileReference; lastKnownFileType = sourcecode.swift; path = LoginVC.swift; sourceTree = "<group>"; };
		D89AC28321BC2F3700C4C844 /* InsetTextField.swift */ = {isa = PBXFileReference; lastKnownFileType = sourcecode.swift; path = InsetTextField.swift; sourceTree = "<group>"; };
		D89AC28521BC372200C4C844 /* ShadowView.swift */ = {isa = PBXFileReference; lastKnownFileType = sourcecode.swift; path = ShadowView.swift; sourceTree = "<group>"; };
		D89AC28721BC3DBC00C4C844 /* AuthService.swift */ = {isa = PBXFileReference; lastKnownFileType = sourcecode.swift; path = AuthService.swift; sourceTree = "<group>"; };
		D89AC28921BDE1AB00C4C844 /* MeVC.swift */ = {isa = PBXFileReference; lastKnownFileType = sourcecode.swift; path = MeVC.swift; sourceTree = "<group>"; };
		D89AC28B21BDE8C300C4C844 /* CreatePostVC.swift */ = {isa = PBXFileReference; lastKnownFileType = sourcecode.swift; path = CreatePostVC.swift; sourceTree = "<group>"; };
		D89AC28D21BF34F700C4C844 /* Message.swift */ = {isa = PBXFileReference; lastKnownFileType = sourcecode.swift; path = Message.swift; sourceTree = "<group>"; };
		D89AC28F21BF417000C4C844 /* UIViewExt.swift */ = {isa = PBXFileReference; lastKnownFileType = sourcecode.swift; path = UIViewExt.swift; sourceTree = "<group>"; };
		D89D79C221C078A500B28827 /* FeedCell.swift */ = {isa = PBXFileReference; lastKnownFileType = sourcecode.swift; path = FeedCell.swift; sourceTree = "<group>"; };
		D89D79C421C1E4DC00B28827 /* CreateGroupsVC.swift */ = {isa = PBXFileReference; lastKnownFileType = sourcecode.swift; path = CreateGroupsVC.swift; sourceTree = "<group>"; };
		D89D79C621C3282700B28827 /* UserCell.swift */ = {isa = PBXFileReference; lastKnownFileType = sourcecode.swift; path = UserCell.swift; sourceTree = "<group>"; };
		D89D79C821C474F600B28827 /* GroupCell.swift */ = {isa = PBXFileReference; lastKnownFileType = sourcecode.swift; path = GroupCell.swift; sourceTree = "<group>"; };
		EE316E64AC24ECE163DF353A /* Pods-Breakpoint.release.xcconfig */ = {isa = PBXFileReference; includeInIndex = 1; lastKnownFileType = text.xcconfig; name = "Pods-Breakpoint.release.xcconfig"; path = "Pods/Target Support Files/Pods-Breakpoint/Pods-Breakpoint.release.xcconfig"; sourceTree = "<group>"; };
/* End PBXFileReference section */

/* Begin PBXFrameworksBuildPhase section */
		D89AC25C21B9F91B00C4C844 /* Frameworks */ = {
			isa = PBXFrameworksBuildPhase;
			buildActionMask = 2147483647;
			files = (
				E73A2EC8F73C0C84AD484296 /* Pods_Breakpoint.framework in Frameworks */,
			);
			runOnlyForDeploymentPostprocessing = 0;
		};
/* End PBXFrameworksBuildPhase section */

/* Begin PBXGroup section */
		8A0A0A6F30BF41489DF9F232 /* Frameworks */ = {
			isa = PBXGroup;
			children = (
				308E8B476903EE95D469B6D1 /* Pods_Breakpoint.framework */,
			);
			name = Frameworks;
			sourceTree = "<group>";
		};
		918DCB65BAC952A30CE93ABE /* Pods */ = {
			isa = PBXGroup;
			children = (
				CBE2B6130AE298B450DECA1A /* Pods-Breakpoint.debug.xcconfig */,
				EE316E64AC24ECE163DF353A /* Pods-Breakpoint.release.xcconfig */,
			);
			name = Pods;
			sourceTree = "<group>";
		};
		D89AC25621B9F91B00C4C844 = {
			isa = PBXGroup;
			children = (
				D89AC26121B9F91B00C4C844 /* Breakpoint */,
				D89AC26021B9F91B00C4C844 /* Products */,
				918DCB65BAC952A30CE93ABE /* Pods */,
				8A0A0A6F30BF41489DF9F232 /* Frameworks */,
			);
			sourceTree = "<group>";
		};
		D89AC26021B9F91B00C4C844 /* Products */ = {
			isa = PBXGroup;
			children = (
				D89AC25F21B9F91B00C4C844 /* Breakpoint.app */,
			);
			name = Products;
			sourceTree = "<group>";
		};
		D89AC26121B9F91B00C4C844 /* Breakpoint */ = {
			isa = PBXGroup;
			children = (
				D89AC27A21B9F9BA00C4C844 /* Services */,
				D89AC27921B9F99000C4C844 /* Extensions */,
				D89AC27821B9F97B00C4C844 /* Model */,
				D89AC27721B9F97200C4C844 /* View */,
				D89AC27621B9F95A00C4C844 /* Controller */,
				D89AC26221B9F91B00C4C844 /* AppDelegate.swift */,
				D89AC26821B9F91B00C4C844 /* Main.storyboard */,
				D89AC26B21B9F91D00C4C844 /* Assets.xcassets */,
				D89AC26D21B9F91D00C4C844 /* LaunchScreen.storyboard */,
				D89AC27021B9F91D00C4C844 /* Info.plist */,
				D89AC27B21B9FE5900C4C844 /* GoogleService-Info.plist */,
			);
			path = Breakpoint;
			sourceTree = "<group>";
		};
		D89AC27621B9F95A00C4C844 /* Controller */ = {
			isa = PBXGroup;
			children = (
				D89AC26421B9F91B00C4C844 /* FeedVC.swift */,
				D89AC26621B9F91B00C4C844 /* GroupsVC.swift */,
				D89AC27F21BC2E6600C4C844 /* AuthVC.swift */,
				D89AC28121BC2E9F00C4C844 /* LoginVC.swift */,
				D89AC28921BDE1AB00C4C844 /* MeVC.swift */,
				D89AC28B21BDE8C300C4C844 /* CreatePostVC.swift */,
				D89D79C421C1E4DC00B28827 /* CreateGroupsVC.swift */,
			);
			path = Controller;
			sourceTree = "<group>";
		};
		D89AC27721B9F97200C4C844 /* View */ = {
			isa = PBXGroup;
			children = (
				D89AC28321BC2F3700C4C844 /* InsetTextField.swift */,
				D89AC28521BC372200C4C844 /* ShadowView.swift */,
				D89D79C221C078A500B28827 /* FeedCell.swift */,
				D89D79C621C3282700B28827 /* UserCell.swift */,
				D89D79C821C474F600B28827 /* GroupCell.swift */,
			);
			path = View;
			sourceTree = "<group>";
		};
		D89AC27821B9F97B00C4C844 /* Model */ = {
			isa = PBXGroup;
			children = (
				D89AC28D21BF34F700C4C844 /* Message.swift */,
			);
			path = Model;
			sourceTree = "<group>";
		};
		D89AC27921B9F99000C4C844 /* Extensions */ = {
			isa = PBXGroup;
			children = (
				D89AC28F21BF417000C4C844 /* UIViewExt.swift */,
			);
			path = Extensions;
			sourceTree = "<group>";
		};
		D89AC27A21B9F9BA00C4C844 /* Services */ = {
			isa = PBXGroup;
			children = (
				D89AC27D21BB3CE300C4C844 /* DataService.swift */,
				D89AC28721BC3DBC00C4C844 /* AuthService.swift */,
			);
			path = Services;
			sourceTree = "<group>";
		};
/* End PBXGroup section */

/* Begin PBXNativeTarget section */
		D89AC25E21B9F91B00C4C844 /* Breakpoint */ = {
			isa = PBXNativeTarget;
			buildConfigurationList = D89AC27321B9F91D00C4C844 /* Build configuration list for PBXNativeTarget "Breakpoint" */;
			buildPhases = (
				0A54DF78E286D1EAB7490C07 /* [CP] Check Pods Manifest.lock */,
				D89AC25B21B9F91B00C4C844 /* Sources */,
				D89AC25C21B9F91B00C4C844 /* Frameworks */,
				D89AC25D21B9F91B00C4C844 /* Resources */,
				284292F8860FB5AADA7103C2 /* [CP] Embed Pods Frameworks */,
			);
			buildRules = (
			);
			dependencies = (
			);
			name = Breakpoint;
			productName = Breakpoint;
			productReference = D89AC25F21B9F91B00C4C844 /* Breakpoint.app */;
			productType = "com.apple.product-type.application";
		};
/* End PBXNativeTarget section */

/* Begin PBXProject section */
		D89AC25721B9F91B00C4C844 /* Project object */ = {
			isa = PBXProject;
			attributes = {
				LastSwiftUpdateCheck = 1010;
				LastUpgradeCheck = 1010;
				ORGANIZATIONNAME = gdm;
				TargetAttributes = {
					D89AC25E21B9F91B00C4C844 = {
						CreatedOnToolsVersion = 10.1;
					};
				};
			};
			buildConfigurationList = D89AC25A21B9F91B00C4C844 /* Build configuration list for PBXProject "Breakpoint" */;
			compatibilityVersion = "Xcode 9.3";
			developmentRegion = en;
			hasScannedForEncodings = 0;
			knownRegions = (
				en,
				Base,
			);
			mainGroup = D89AC25621B9F91B00C4C844;
			productRefGroup = D89AC26021B9F91B00C4C844 /* Products */;
			projectDirPath = "";
			projectRoot = "";
			targets = (
				D89AC25E21B9F91B00C4C844 /* Breakpoint */,
			);
		};
/* End PBXProject section */

/* Begin PBXResourcesBuildPhase section */
		D89AC25D21B9F91B00C4C844 /* Resources */ = {
			isa = PBXResourcesBuildPhase;
			buildActionMask = 2147483647;
			files = (
				D89AC26F21B9F91D00C4C844 /* LaunchScreen.storyboard in Resources */,
				D89AC27C21B9FE5900C4C844 /* GoogleService-Info.plist in Resources */,
				D89AC26C21B9F91D00C4C844 /* Assets.xcassets in Resources */,
				D89AC26A21B9F91B00C4C844 /* Main.storyboard in Resources */,
			);
			runOnlyForDeploymentPostprocessing = 0;
		};
/* End PBXResourcesBuildPhase section */

/* Begin PBXShellScriptBuildPhase section */
		0A54DF78E286D1EAB7490C07 /* [CP] Check Pods Manifest.lock */ = {
			isa = PBXShellScriptBuildPhase;
			buildActionMask = 2147483647;
			files = (
			);
			inputFileListPaths = (
			);
			inputPaths = (
				"${PODS_PODFILE_DIR_PATH}/Podfile.lock",
				"${PODS_ROOT}/Manifest.lock",
			);
			name = "[CP] Check Pods Manifest.lock";
			outputFileListPaths = (
			);
			outputPaths = (
				"$(DERIVED_FILE_DIR)/Pods-Breakpoint-checkManifestLockResult.txt",
			);
			runOnlyForDeploymentPostprocessing = 0;
			shellPath = /bin/sh;
			shellScript = "diff \"${PODS_PODFILE_DIR_PATH}/Podfile.lock\" \"${PODS_ROOT}/Manifest.lock\" > /dev/null\nif [ $? != 0 ] ; then\n    # print error to STDERR\n    echo \"error: The sandbox is not in sync with the Podfile.lock. Run 'pod install' or update your CocoaPods installation.\" >&2\n    exit 1\nfi\n# This output is used by Xcode 'outputs' to avoid re-running this script phase.\necho \"SUCCESS\" > \"${SCRIPT_OUTPUT_FILE_0}\"\n";
			showEnvVarsInLog = 0;
		};
		284292F8860FB5AADA7103C2 /* [CP] Embed Pods Frameworks */ = {
			isa = PBXShellScriptBuildPhase;
			buildActionMask = 2147483647;
			files = (
			);
			inputFileListPaths = (
			);
			inputPaths = (
				"${SRCROOT}/Pods/Target Support Files/Pods-Breakpoint/Pods-Breakpoint-frameworks.sh",
				"${BUILT_PRODUCTS_DIR}/GTMSessionFetcher/GTMSessionFetcher.framework",
				"${BUILT_PRODUCTS_DIR}/GoogleUtilities/GoogleUtilities.framework",
				"${BUILT_PRODUCTS_DIR}/leveldb-library/leveldb.framework",
				"${BUILT_PRODUCTS_DIR}/nanopb/nanopb.framework",
			);
			name = "[CP] Embed Pods Frameworks";
			outputFileListPaths = (
			);
			outputPaths = (
				"${TARGET_BUILD_DIR}/${FRAMEWORKS_FOLDER_PATH}/GTMSessionFetcher.framework",
				"${TARGET_BUILD_DIR}/${FRAMEWORKS_FOLDER_PATH}/GoogleUtilities.framework",
				"${TARGET_BUILD_DIR}/${FRAMEWORKS_FOLDER_PATH}/leveldb.framework",
				"${TARGET_BUILD_DIR}/${FRAMEWORKS_FOLDER_PATH}/nanopb.framework",
			);
			runOnlyForDeploymentPostprocessing = 0;
			shellPath = /bin/sh;
			shellScript = "\"${SRCROOT}/Pods/Target Support Files/Pods-Breakpoint/Pods-Breakpoint-frameworks.sh\"\n";
			showEnvVarsInLog = 0;
		};
/* End PBXShellScriptBuildPhase section */

/* Begin PBXSourcesBuildPhase section */
		D89AC25B21B9F91B00C4C844 /* Sources */ = {
			isa = PBXSourcesBuildPhase;
			buildActionMask = 2147483647;
			files = (
				D89AC29021BF417000C4C844 /* UIViewExt.swift in Sources */,
				D89AC28A21BDE1AB00C4C844 /* MeVC.swift in Sources */,
				D89D79C921C474F600B28827 /* GroupCell.swift in Sources */,
				D89AC28021BC2E6600C4C844 /* AuthVC.swift in Sources */,
				D89AC26721B9F91B00C4C844 /* GroupsVC.swift in Sources */,
				D89AC28221BC2E9F00C4C844 /* LoginVC.swift in Sources */,
				D89AC28821BC3DBC00C4C844 /* AuthService.swift in Sources */,
				D89AC26321B9F91B00C4C844 /* AppDelegate.swift in Sources */,
				D89D79C521C1E4DC00B28827 /* CreateGroupsVC.swift in Sources */,
				D89D79C721C3282700B28827 /* UserCell.swift in Sources */,
				D89D79C321C078A500B28827 /* FeedCell.swift in Sources */,
				D89AC28621BC372200C4C844 /* ShadowView.swift in Sources */,
				D89AC28C21BDE8C300C4C844 /* CreatePostVC.swift in Sources */,
				D89AC26521B9F91B00C4C844 /* FeedVC.swift in Sources */,
				D89AC28E21BF34F700C4C844 /* Message.swift in Sources */,
				D89AC28421BC2F3700C4C844 /* InsetTextField.swift in Sources */,
				D89AC27E21BB3CE300C4C844 /* DataService.swift in Sources */,
			);
			runOnlyForDeploymentPostprocessing = 0;
		};
/* End PBXSourcesBuildPhase section */

/* Begin PBXVariantGroup section */
		D89AC26821B9F91B00C4C844 /* Main.storyboard */ = {
			isa = PBXVariantGroup;
			children = (
				D89AC26921B9F91B00C4C844 /* Base */,
			);
			name = Main.storyboard;
			sourceTree = "<group>";
		};
		D89AC26D21B9F91D00C4C844 /* LaunchScreen.storyboard */ = {
			isa = PBXVariantGroup;
			children = (
				D89AC26E21B9F91D00C4C844 /* Base */,
			);
			name = LaunchScreen.storyboard;
			sourceTree = "<group>";
		};
/* End PBXVariantGroup section */

/* Begin XCBuildConfiguration section */
		D89AC27121B9F91D00C4C844 /* Debug */ = {
			isa = XCBuildConfiguration;
			buildSettings = {
				ALWAYS_SEARCH_USER_PATHS = NO;
				CLANG_ANALYZER_NONNULL = YES;
				CLANG_ANALYZER_NUMBER_OBJECT_CONVERSION = YES_AGGRESSIVE;
				CLANG_CXX_LANGUAGE_STANDARD = "gnu++14";
				CLANG_CXX_LIBRARY = "libc++";
				CLANG_ENABLE_MODULES = YES;
				CLANG_ENABLE_OBJC_ARC = YES;
				CLANG_ENABLE_OBJC_WEAK = YES;
				CLANG_WARN_BLOCK_CAPTURE_AUTORELEASING = YES;
				CLANG_WARN_BOOL_CONVERSION = YES;
				CLANG_WARN_COMMA = YES;
				CLANG_WARN_CONSTANT_CONVERSION = YES;
				CLANG_WARN_DEPRECATED_OBJC_IMPLEMENTATIONS = YES;
				CLANG_WARN_DIRECT_OBJC_ISA_USAGE = YES_ERROR;
				CLANG_WARN_DOCUMENTATION_COMMENTS = YES;
				CLANG_WARN_EMPTY_BODY = YES;
				CLANG_WARN_ENUM_CONVERSION = YES;
				CLANG_WARN_INFINITE_RECURSION = YES;
				CLANG_WARN_INT_CONVERSION = YES;
				CLANG_WARN_NON_LITERAL_NULL_CONVERSION = YES;
				CLANG_WARN_OBJC_IMPLICIT_RETAIN_SELF = YES;
				CLANG_WARN_OBJC_LITERAL_CONVERSION = YES;
				CLANG_WARN_OBJC_ROOT_CLASS = YES_ERROR;
				CLANG_WARN_RANGE_LOOP_ANALYSIS = YES;
				CLANG_WARN_STRICT_PROTOTYPES = YES;
				CLANG_WARN_SUSPICIOUS_MOVE = YES;
				CLANG_WARN_UNGUARDED_AVAILABILITY = YES_AGGRESSIVE;
				CLANG_WARN_UNREACHABLE_CODE = YES;
				CLANG_WARN__DUPLICATE_METHOD_MATCH = YES;
				CODE_SIGN_IDENTITY = "iPhone Developer";
				COPY_PHASE_STRIP = NO;
				DEBUG_INFORMATION_FORMAT = dwarf;
				ENABLE_STRICT_OBJC_MSGSEND = YES;
				ENABLE_TESTABILITY = YES;
				GCC_C_LANGUAGE_STANDARD = gnu11;
				GCC_DYNAMIC_NO_PIC = NO;
				GCC_NO_COMMON_BLOCKS = YES;
				GCC_OPTIMIZATION_LEVEL = 0;
				GCC_PREPROCESSOR_DEFINITIONS = (
					"DEBUG=1",
					"$(inherited)",
				);
				GCC_WARN_64_TO_32_BIT_CONVERSION = YES;
				GCC_WARN_ABOUT_RETURN_TYPE = YES_ERROR;
				GCC_WARN_UNDECLARED_SELECTOR = YES;
				GCC_WARN_UNINITIALIZED_AUTOS = YES_AGGRESSIVE;
				GCC_WARN_UNUSED_FUNCTION = YES;
				GCC_WARN_UNUSED_VARIABLE = YES;
				IPHONEOS_DEPLOYMENT_TARGET = 12.1;
				MTL_ENABLE_DEBUG_INFO = INCLUDE_SOURCE;
				MTL_FAST_MATH = YES;
				ONLY_ACTIVE_ARCH = YES;
				SDKROOT = iphoneos;
				SWIFT_ACTIVE_COMPILATION_CONDITIONS = DEBUG;
				SWIFT_OPTIMIZATION_LEVEL = "-Onone";
			};
			name = Debug;
		};
		D89AC27221B9F91D00C4C844 /* Release */ = {
			isa = XCBuildConfiguration;
			buildSettings = {
				ALWAYS_SEARCH_USER_PATHS = NO;
				CLANG_ANALYZER_NONNULL = YES;
				CLANG_ANALYZER_NUMBER_OBJECT_CONVERSION = YES_AGGRESSIVE;
				CLANG_CXX_LANGUAGE_STANDARD = "gnu++14";
				CLANG_CXX_LIBRARY = "libc++";
				CLANG_ENABLE_MODULES = YES;
				CLANG_ENABLE_OBJC_ARC = YES;
				CLANG_ENABLE_OBJC_WEAK = YES;
				CLANG_WARN_BLOCK_CAPTURE_AUTORELEASING = YES;
				CLANG_WARN_BOOL_CONVERSION = YES;
				CLANG_WARN_COMMA = YES;
				CLANG_WARN_CONSTANT_CONVERSION = YES;
				CLANG_WARN_DEPRECATED_OBJC_IMPLEMENTATIONS = YES;
				CLANG_WARN_DIRECT_OBJC_ISA_USAGE = YES_ERROR;
				CLANG_WARN_DOCUMENTATION_COMMENTS = YES;
				CLANG_WARN_EMPTY_BODY = YES;
				CLANG_WARN_ENUM_CONVERSION = YES;
				CLANG_WARN_INFINITE_RECURSION = YES;
				CLANG_WARN_INT_CONVERSION = YES;
				CLANG_WARN_NON_LITERAL_NULL_CONVERSION = YES;
				CLANG_WARN_OBJC_IMPLICIT_RETAIN_SELF = YES;
				CLANG_WARN_OBJC_LITERAL_CONVERSION = YES;
				CLANG_WARN_OBJC_ROOT_CLASS = YES_ERROR;
				CLANG_WARN_RANGE_LOOP_ANALYSIS = YES;
				CLANG_WARN_STRICT_PROTOTYPES = YES;
				CLANG_WARN_SUSPICIOUS_MOVE = YES;
				CLANG_WARN_UNGUARDED_AVAILABILITY = YES_AGGRESSIVE;
				CLANG_WARN_UNREACHABLE_CODE = YES;
				CLANG_WARN__DUPLICATE_METHOD_MATCH = YES;
				CODE_SIGN_IDENTITY = "iPhone Developer";
				COPY_PHASE_STRIP = NO;
				DEBUG_INFORMATION_FORMAT = "dwarf-with-dsym";
				ENABLE_NS_ASSERTIONS = NO;
				ENABLE_STRICT_OBJC_MSGSEND = YES;
				GCC_C_LANGUAGE_STANDARD = gnu11;
				GCC_NO_COMMON_BLOCKS = YES;
				GCC_WARN_64_TO_32_BIT_CONVERSION = YES;
				GCC_WARN_ABOUT_RETURN_TYPE = YES_ERROR;
				GCC_WARN_UNDECLARED_SELECTOR = YES;
				GCC_WARN_UNINITIALIZED_AUTOS = YES_AGGRESSIVE;
				GCC_WARN_UNUSED_FUNCTION = YES;
				GCC_WARN_UNUSED_VARIABLE = YES;
				IPHONEOS_DEPLOYMENT_TARGET = 12.1;
				MTL_ENABLE_DEBUG_INFO = NO;
				MTL_FAST_MATH = YES;
				SDKROOT = iphoneos;
				SWIFT_COMPILATION_MODE = wholemodule;
				SWIFT_OPTIMIZATION_LEVEL = "-O";
				VALIDATE_PRODUCT = YES;
			};
			name = Release;
		};
		D89AC27421B9F91D00C4C844 /* Debug */ = {
			isa = XCBuildConfiguration;
			baseConfigurationReference = CBE2B6130AE298B450DECA1A /* Pods-Breakpoint.debug.xcconfig */;
			buildSettings = {
				ASSETCATALOG_COMPILER_APPICON_NAME = AppIcon;
				CODE_SIGN_STYLE = Automatic;
				DEVELOPMENT_TEAM = 2967PHFU2S;
				INFOPLIST_FILE = Breakpoint/Info.plist;
				LD_RUNPATH_SEARCH_PATHS = (
					"$(inherited)",
					"@executable_path/Frameworks",
				);
				PRODUCT_BUNDLE_IDENTIFIER = com.grandaddymac.Breakpoint;
				PRODUCT_NAME = "$(TARGET_NAME)";
				SWIFT_VERSION = 4.2;
				TARGETED_DEVICE_FAMILY = "1,2";
			};
			name = Debug;
		};
		D89AC27521B9F91D00C4C844 /* Release */ = {
			isa = XCBuildConfiguration;
			baseConfigurationReference = EE316E64AC24ECE163DF353A /* Pods-Breakpoint.release.xcconfig */;
			buildSettings = {
				ASSETCATALOG_COMPILER_APPICON_NAME = AppIcon;
				CODE_SIGN_STYLE = Automatic;
				DEVELOPMENT_TEAM = 2967PHFU2S;
				INFOPLIST_FILE = Breakpoint/Info.plist;
				LD_RUNPATH_SEARCH_PATHS = (
					"$(inherited)",
					"@executable_path/Frameworks",
				);
				PRODUCT_BUNDLE_IDENTIFIER = com.grandaddymac.Breakpoint;
				PRODUCT_NAME = "$(TARGET_NAME)";
				SWIFT_VERSION = 4.2;
				TARGETED_DEVICE_FAMILY = "1,2";
			};
			name = Release;
		};
/* End XCBuildConfiguration section */

/* Begin XCConfigurationList section */
		D89AC25A21B9F91B00C4C844 /* Build configuration list for PBXProject "Breakpoint" */ = {
			isa = XCConfigurationList;
			buildConfigurations = (
				D89AC27121B9F91D00C4C844 /* Debug */,
				D89AC27221B9F91D00C4C844 /* Release */,
			);
			defaultConfigurationIsVisible = 0;
			defaultConfigurationName = Release;
		};
		D89AC27321B9F91D00C4C844 /* Build configuration list for PBXNativeTarget "Breakpoint" */ = {
			isa = XCConfigurationList;
			buildConfigurations = (
				D89AC27421B9F91D00C4C844 /* Debug */,
				D89AC27521B9F91D00C4C844 /* Release */,
			);
			defaultConfigurationIsVisible = 0;
			defaultConfigurationName = Release;
		};
/* End XCConfigurationList section */
	};
	rootObject = D89AC25721B9F91B00C4C844 /* Project object */;
}
